
Microsoft Visual Studio Solution File, Format Version 12.00
# Visual Studio Version 17
VisualStudioVersion = 17.6.33717.318
MinimumVisualStudioVersion = 10.0.40219.1
Project("{FAE04EC0-301F-11D3-BF4B-00C04F79EFBC}") = "Operacion_Basic", "Operacion_Basic\Operacion_Basic.csproj", "{BF3F7C7B-0F89-45BA-A1AD-74DFCF976052}"
EndProject
Global
	GlobalSection(SolutionConfigurationPlatforms) = preSolution
		Debug|Any CPU = Debug|Any CPU
		Release|Any CPU = Release|Any CPU
	EndGlobalSection
	GlobalSection(ProjectConfigurationPlatforms) = postSolution
		{BF3F7C7B-0F89-45BA-A1AD-74DFCF976052}.Debug|Any CPU.ActiveCfg = Debug|Any CPU
		{BF3F7C7B-0F89-45BA-A1AD-74DFCF976052}.Debug|Any CPU.Build.0 = Debug|Any CPU
		{BF3F7C7B-0F89-45BA-A1AD-74DFCF976052}.Release|Any CPU.ActiveCfg = Release|Any CPU
		{BF3F7C7B-0F89-45BA-A1AD-74DFCF976052}.Release|Any CPU.Build.0 = Release|Any CPU
	EndGlobalSection
	GlobalSection(SolutionProperties) = preSolution
		HideSolutionNode = FALSE
	EndGlobalSection
	GlobalSection(ExtensibilityGlobals) = postSolution
		SolutionGuid = {077DA6DB-CF31-43A6-8D07-F22875FF1CB7}
	EndGlobalSection
EndGlobal
